{
  "nodes": {
    "flake-compat": {
      "locked": {
        "lastModified": 1733328505,
        "narHash": "sha256-NeCCThCEP3eCl2l/+27kNNK7QrwZB1IJCrXfrbv5oqU=",
        "rev": "ff81ac966bb2cae68946d5ed5fc4994f96d0ffec",
        "revCount": 69,
        "type": "tarball",
        "url": "https://api.flakehub.com/f/pinned/edolstra/flake-compat/1.1.0/01948eb7-9cba-704f-bbf3-3fa956735b52/source.tar.gz?rev=ff81ac966bb2cae68946d5ed5fc4994f96d0ffec&revCount=69"
      },
      "original": {
        "type": "tarball",
        "url": "https://flakehub.com/f/edolstra/flake-compat/1.tar.gz"
      }
    },
    "flake-compat_2": {
      "flake": false,
      "locked": {
        "lastModified": 1747046372,
        "narHash": "sha256-CIVLLkVgvHYbgI2UpXvIIBJ12HWgX+fjA8Xf8PUmqCY=",
        "owner": "edolstra",
        "repo": "flake-compat",
        "rev": "9100a0f413b0c601e0533d1d94ffd501ce2e7885",
        "type": "github"
      },
      "original": {
        "owner": "edolstra",
        "repo": "flake-compat",
        "type": "github"
      }
    },
    "flake-parts": {
      "inputs": {
        "nixpkgs-lib": "nixpkgs-lib"
      },
      "locked": {
        "lastModified": 1754091436,
        "narHash": "sha256-XKqDMN1/Qj1DKivQvscI4vmHfDfvYR2pfuFOJiCeewM=",
        "owner": "hercules-ci",
        "repo": "flake-parts",
        "rev": "67df8c627c2c39c41dbec76a1f201929929ab0bd",
        "type": "github"
      },
      "original": {
        "owner": "hercules-ci",
        "repo": "flake-parts",
        "type": "github"
      }
    },
    "gitignore": {
      "inputs": {
        "nixpkgs": [
          "pre-commit-hooks",
          "nixpkgs"
        ]
      },
      "locked": {
        "lastModified": 1709087332,
        "narHash": "sha256-HG2cCnktfHsKV0s4XW83gU3F57gaTljL9KNSuG6bnQs=",
        "owner": "hercules-ci",
        "repo": "gitignore.nix",
        "rev": "637db329424fd7e46cf4185293b9cc8c88c95394",
        "type": "github"
      },
      "original": {
        "owner": "hercules-ci",
        "repo": "gitignore.nix",
        "type": "github"
      }
    },
    "home-manager": {
      "inputs": {
        "nixpkgs": [
          "nixpkgs"
        ]
      },
      "locked": {
        "lastModified": 1760500983,
        "narHash": "sha256-zfY4F4CpeUjTGgecIJZ+M7vFpwLc0Gm9epM/iMQd4w8=",
        "owner": "nix-community",
        "repo": "home-manager",
        "rev": "c53e65ec92f38d30e3c14f8d628ab55d462947aa",
        "type": "github"
      },
      "original": {
        "owner": "nix-community",
        "repo": "home-manager",
        "type": "github"
      }
    },
    "nix-index-database": {
      "inputs": {
        "nixpkgs": [
          "nixpkgs"
        ]
      },
      "locked": {
        "lastModified": 1760241904,
        "narHash": "sha256-OD7QnaGEVNdukYEbJbUNWPsvnDrpbZOZxVIk6Pt9Jhw=",
        "owner": "nix-community",
        "repo": "nix-index-database",
        "rev": "c9f5ea45f25652ec2f771f9426ccacb21cbbaeaa",
        "type": "github"
      },
      "original": {
        "owner": "nix-community",
        "repo": "nix-index-database",
        "type": "github"
      }
    },
    "nixcord": {
      "inputs": {
        "flake-compat": "flake-compat",
        "flake-parts": "flake-parts",
        "nixpkgs": "nixpkgs"
      },
      "locked": {
        "lastModified": 1760577660,
        "narHash": "sha256-ukYkRvYyzzq2qIDVZHfTizNVmrUsKa+Am7V+4K4w4Fg=",
        "owner": "kaylorben",
        "repo": "nixcord",
        "rev": "1f1d0421558822f69934be92685f1a6f0f16b98e",
        "type": "github"
      },
      "original": {
        "owner": "kaylorben",
        "repo": "nixcord",
        "type": "github"
      }
    },
    "nixpkgs": {
      "locked": {
        "lastModified": 1754028485,
        "narHash": "sha256-IiiXB3BDTi6UqzAZcf2S797hWEPCRZOwyNThJIYhUfk=",
        "owner": "NixOS",
        "repo": "nixpkgs",
        "rev": "59e69648d345d6e8fef86158c555730fa12af9de",
        "type": "github"
      },
      "original": {
        "owner": "NixOS",
        "ref": "nixos-25.05",
        "repo": "nixpkgs",
        "type": "github"
      }
    },
    "nixpkgs-for-stremio": {
      "locked": {
        "lastModified": 1740560979,
        "narHash": "sha256-Vr3Qi346M+8CjedtbyUevIGDZW8LcA1fTG0ugPY/Hic=",
        "owner": "NixOS",
        "repo": "nixpkgs",
        "rev": "5135c59491985879812717f4c9fea69604e7f26f",
        "type": "github"
      },
      "original": {
        "id": "nixpkgs",
        "rev": "5135c59491985879812717f4c9fea69604e7f26f",
        "type": "indirect"
      }
    },
    "nixpkgs-lib": {
      "locked": {
        "lastModified": 1753579242,
        "narHash": "sha256-zvaMGVn14/Zz8hnp4VWT9xVnhc8vuL3TStRqwk22biA=",
        "owner": "nix-community",
        "repo": "nixpkgs.lib",
        "rev": "0f36c44e01a6129be94e3ade315a5883f0228a6e",
        "type": "github"
      },
      "original": {
        "owner": "nix-community",
        "repo": "nixpkgs.lib",
        "type": "github"
      }
    },
    "nixpkgs_2": {
      "locked": {
        "lastModified": 1760524057,
        "narHash": "sha256-EVAqOteLBFmd7pKkb0+FIUyzTF61VKi7YmvP1tw4nEw=",
        "owner": "nixos",
        "repo": "nixpkgs",
        "rev": "544961dfcce86422ba200ed9a0b00dd4b1486ec5",
        "type": "github"
      },
      "original": {
        "owner": "nixos",
        "ref": "nixos-unstable",
        "repo": "nixpkgs",
        "type": "github"
      }
    },
    "nixpkgs_3": {
      "locked": {
        "lastModified": 1759070547,
        "narHash": "sha256-JVZl8NaVRYb0+381nl7LvPE+A774/dRpif01FKLrYFQ=",
        "owner": "NixOS",
        "repo": "nixpkgs",
        "rev": "647e5c14cbd5067f44ac86b74f014962df460840",
        "type": "github"
      },
      "original": {
        "owner": "NixOS",
        "ref": "nixpkgs-unstable",
        "repo": "nixpkgs",
        "type": "github"
      }
    },
    "plasma-manager": {
      "inputs": {
        "home-manager": [
          "home-manager"
        ],
        "nixpkgs": [
          "nixpkgs"
        ]
      },
      "locked": {
        "lastModified": 1759321049,
        "narHash": "sha256-8XkU4gIrLT2DJZWQyvsP5woXGZF5eE/7AnKfwQkiwYU=",
        "owner": "nix-community",
        "repo": "plasma-manager",
        "rev": "205dcfd4a30d4a5d1b4f28defee69daa7c7252cd",
        "type": "github"
      },
      "original": {
        "owner": "nix-community",
        "repo": "plasma-manager",
        "type": "github"
      }
    },
    "pre-commit-hooks": {
      "inputs": {
        "flake-compat": "flake-compat_2",
        "gitignore": "gitignore",
        "nixpkgs": "nixpkgs_3"
      },
      "locked": {
        "lastModified": 1760392170,
        "narHash": "sha256-WftxJgr2MeDDFK47fQKywzC72L2jRc/PWcyGdjaDzkw=",
        "owner": "cachix",
        "repo": "git-hooks.nix",
        "rev": "46d55f0aeb1d567a78223e69729734f3dca25a85",
        "type": "github"
      },
      "original": {
        "owner": "cachix",
        "repo": "git-hooks.nix",
        "type": "github"
      }
    },
    "root": {
      "inputs": {
        "home-manager": "home-manager",
        "nix-index-database": "nix-index-database",
        "nixcord": "nixcord",
        "nixpkgs": "nixpkgs_2",
        "nixpkgs-for-stremio": "nixpkgs-for-stremio",
        "plasma-manager": "plasma-manager",
        "pre-commit-hooks": "pre-commit-hooks"
      }
    }
  },
  "root": "root",
  "version": 7
}
