{
  "nodes": {
    "flake-compat": {
      "locked": {
        "lastModified": 1733328505,
        "narHash": "sha256-NeCCThCEP3eCl2l/+27kNNK7QrwZB1IJCrXfrbv5oqU=",
        "rev": "ff81ac966bb2cae68946d5ed5fc4994f96d0ffec",
        "revCount": 69,
        "type": "tarball",
        "url": "https://api.flakehub.com/f/pinned/edolstra/flake-compat/1.1.0/01948eb7-9cba-704f-bbf3-3fa956735b52/source.tar.gz?rev=ff81ac966bb2cae68946d5ed5fc4994f96d0ffec&revCount=69"
      },
      "original": {
        "type": "tarball",
        "url": "https://flakehub.com/f/edolstra/flake-compat/1.tar.gz"
      }
    },
    "flake-compat_2": {
      "flake": false,
      "locked": {
        "lastModified": 1696426674,
        "narHash": "sha256-kvjfFW7WAETZlt09AgDn1MrtKzP7t90Vf7vypd3OL1U=",
        "owner": "edolstra",
        "repo": "flake-compat",
        "rev": "0f9255e01c2351cc7d116c072cb317785dd33b33",
        "type": "github"
      },
      "original": {
        "owner": "edolstra",
        "repo": "flake-compat",
        "type": "github"
      }
    },
    "flake-parts": {
      "inputs": {
        "nixpkgs-lib": "nixpkgs-lib"
      },
      "locked": {
        "lastModified": 1749398372,
        "narHash": "sha256-tYBdgS56eXYaWVW3fsnPQ/nFlgWi/Z2Ymhyu21zVM98=",
        "owner": "hercules-ci",
        "repo": "flake-parts",
        "rev": "9305fe4e5c2a6fcf5ba6a3ff155720fbe4076569",
        "type": "github"
      },
      "original": {
        "owner": "hercules-ci",
        "repo": "flake-parts",
        "type": "github"
      }
    },
    "gitignore": {
      "inputs": {
        "nixpkgs": [
          "pre-commit-hooks",
          "nixpkgs"
        ]
      },
      "locked": {
        "lastModified": 1709087332,
        "narHash": "sha256-HG2cCnktfHsKV0s4XW83gU3F57gaTljL9KNSuG6bnQs=",
        "owner": "hercules-ci",
        "repo": "gitignore.nix",
        "rev": "637db329424fd7e46cf4185293b9cc8c88c95394",
        "type": "github"
      },
      "original": {
        "owner": "hercules-ci",
        "repo": "gitignore.nix",
        "type": "github"
      }
    },
    "home-manager": {
      "inputs": {
        "nixpkgs": [
          "nixpkgs"
        ]
      },
      "locked": {
        "lastModified": 1750730235,
        "narHash": "sha256-rZErlxiV7ssvI8t7sPrKU+fRigNc2KvoKZG3gtUtK50=",
        "owner": "nix-community",
        "repo": "home-manager",
        "rev": "d07e9cceb4994ed64a22b9b36f8b76923e87ac38",
        "type": "github"
      },
      "original": {
        "owner": "nix-community",
        "repo": "home-manager",
        "type": "github"
      }
    },
    "nix-index-database": {
      "inputs": {
        "nixpkgs": [
          "nixpkgs"
        ]
      },
      "locked": {
        "lastModified": 1750565152,
        "narHash": "sha256-A6ZIoIgaPPkzIVxKuaxwEJicPOeTwC/MD9iuC3FVhDM=",
        "owner": "nix-community",
        "repo": "nix-index-database",
        "rev": "78cd697acc2e492b4e92822a4913ffad279c20e6",
        "type": "github"
      },
      "original": {
        "owner": "nix-community",
        "repo": "nix-index-database",
        "type": "github"
      }
    },
    "nixcord": {
      "inputs": {
        "flake-compat": "flake-compat",
        "flake-parts": "flake-parts",
        "nixpkgs": "nixpkgs"
      },
      "locked": {
        "lastModified": 1750728484,
        "narHash": "sha256-DdVB1KLJNpzC1aYqpywAZn84PQ7hU2s5Llxpf/Nw7ls=",
        "owner": "kaylorben",
        "repo": "nixcord",
        "rev": "a4f3b2eae0efd7b8b1dcae8ef92dac5a6ce221a6",
        "type": "github"
      },
      "original": {
        "owner": "kaylorben",
        "repo": "nixcord",
        "type": "github"
      }
    },
    "nixpkgs": {
      "locked": {
        "lastModified": 1749494155,
        "narHash": "sha256-FG4DEYBpROupu758beabUk9lhrblSf5hnv84v1TLqMc=",
        "owner": "NixOS",
        "repo": "nixpkgs",
        "rev": "88331c17ba434359491e8d5889cce872464052c2",
        "type": "github"
      },
      "original": {
        "owner": "NixOS",
        "ref": "nixos-25.05",
        "repo": "nixpkgs",
        "type": "github"
      }
    },
    "nixpkgs-lib": {
      "locked": {
        "lastModified": 1748740939,
        "narHash": "sha256-rQaysilft1aVMwF14xIdGS3sj1yHlI6oKQNBRTF40cc=",
        "owner": "nix-community",
        "repo": "nixpkgs.lib",
        "rev": "656a64127e9d791a334452c6b6606d17539476e2",
        "type": "github"
      },
      "original": {
        "owner": "nix-community",
        "repo": "nixpkgs.lib",
        "type": "github"
      }
    },
    "nixpkgs_2": {
      "locked": {
        "lastModified": 1750506804,
        "narHash": "sha256-VLFNc4egNjovYVxDGyBYTrvVCgDYgENp5bVi9fPTDYc=",
        "owner": "nixos",
        "repo": "nixpkgs",
        "rev": "4206c4cb56751df534751b058295ea61357bbbaa",
        "type": "github"
      },
      "original": {
        "owner": "nixos",
        "ref": "nixos-unstable",
        "repo": "nixpkgs",
        "type": "github"
      }
    },
    "nixpkgs_3": {
      "locked": {
        "lastModified": 1730768919,
        "narHash": "sha256-8AKquNnnSaJRXZxc5YmF/WfmxiHX6MMZZasRP6RRQkE=",
        "owner": "NixOS",
        "repo": "nixpkgs",
        "rev": "a04d33c0c3f1a59a2c1cb0c6e34cd24500e5a1dc",
        "type": "github"
      },
      "original": {
        "owner": "NixOS",
        "ref": "nixpkgs-unstable",
        "repo": "nixpkgs",
        "type": "github"
      }
    },
    "plasma-manager": {
      "inputs": {
        "home-manager": [
          "home-manager"
        ],
        "nixpkgs": [
          "nixpkgs"
        ]
      },
      "locked": {
        "lastModified": 1748196248,
        "narHash": "sha256-1iHjsH6/5UOerJEoZKE+Gx1BgAoge/YcnUsOA4wQ/BU=",
        "owner": "nix-community",
        "repo": "plasma-manager",
        "rev": "b7697abe89967839b273a863a3805345ea54ab56",
        "type": "github"
      },
      "original": {
        "owner": "nix-community",
        "repo": "plasma-manager",
        "type": "github"
      }
    },
    "pre-commit-hooks": {
      "inputs": {
        "flake-compat": "flake-compat_2",
        "gitignore": "gitignore",
        "nixpkgs": "nixpkgs_3"
      },
      "locked": {
        "lastModified": 1750684550,
        "narHash": "sha256-uLtw0iF9mQ94L831NOlQLPX9wm0qzd5yim3rcwACEoM=",
        "owner": "cachix",
        "repo": "git-hooks.nix",
        "rev": "fae816c55a75675f30d18c9cbdecc13b970d95d4",
        "type": "github"
      },
      "original": {
        "owner": "cachix",
        "repo": "git-hooks.nix",
        "type": "github"
      }
    },
    "root": {
      "inputs": {
        "home-manager": "home-manager",
        "nix-index-database": "nix-index-database",
        "nixcord": "nixcord",
        "nixpkgs": "nixpkgs_2",
        "plasma-manager": "plasma-manager",
        "pre-commit-hooks": "pre-commit-hooks"
      }
    }
  },
  "root": "root",
  "version": 7
}
